// !$*UTF8*$!
{
	archiveVersion = 1;
	classes = {
	};
	objectVersion = 56;
	objects = {

/* Begin PBXBuildFile section */
		24CC36FB6C7FEC8C22A3CBA6 /* Pods_Demo_MVVM_GIPHY_Demo_MVVM_GIPHYUITests.framework in Frameworks */ = {isa = PBXBuildFile; fileRef = 4712AA6BBDC7F25FA95E2B12 /* Pods_Demo_MVVM_GIPHY_Demo_MVVM_GIPHYUITests.framework */; };
		292D47C2A4D2B2F84B872533 /* Pods_Demo_MVVM_GIPHYTests.framework in Frameworks */ = {isa = PBXBuildFile; fileRef = 0E3A492408802DED91745DFE /* Pods_Demo_MVVM_GIPHYTests.framework */; };
		A92E8CCB865C73BA118EE526 /* Pods_Demo_MVVM_GIPHY.framework in Frameworks */ = {isa = PBXBuildFile; fileRef = 87682AC8B33ED7233091D08A /* Pods_Demo_MVVM_GIPHY.framework */; };
		C8DC103F2B45E3220004AEDA /* AppDelegate.swift in Sources */ = {isa = PBXBuildFile; fileRef = C8DC103E2B45E3220004AEDA /* AppDelegate.swift */; };
		C8DC10412B45E3220004AEDA /* SceneDelegate.swift in Sources */ = {isa = PBXBuildFile; fileRef = C8DC10402B45E3220004AEDA /* SceneDelegate.swift */; };
		C8DC10432B45E3220004AEDA /* ViewController.swift in Sources */ = {isa = PBXBuildFile; fileRef = C8DC10422B45E3220004AEDA /* ViewController.swift */; };
		C8DC10462B45E3220004AEDA /* Main.storyboard in Resources */ = {isa = PBXBuildFile; fileRef = C8DC10442B45E3220004AEDA /* Main.storyboard */; };
		C8DC10482B45E3230004AEDA /* Assets.xcassets in Resources */ = {isa = PBXBuildFile; fileRef = C8DC10472B45E3230004AEDA /* Assets.xcassets */; };
		C8DC104B2B45E3230004AEDA /* LaunchScreen.storyboard in Resources */ = {isa = PBXBuildFile; fileRef = C8DC10492B45E3230004AEDA /* LaunchScreen.storyboard */; };
		C8DC10562B45E3230004AEDA /* Demo_MVVM_GIPHYTests.swift in Sources */ = {isa = PBXBuildFile; fileRef = C8DC10552B45E3230004AEDA /* Demo_MVVM_GIPHYTests.swift */; };
		C8DC10602B45E3230004AEDA /* Demo_MVVM_GIPHYUITests.swift in Sources */ = {isa = PBXBuildFile; fileRef = C8DC105F2B45E3230004AEDA /* Demo_MVVM_GIPHYUITests.swift */; };
		C8DC10622B45E3230004AEDA /* Demo_MVVM_GIPHYUITestsLaunchTests.swift in Sources */ = {isa = PBXBuildFile; fileRef = C8DC10612B45E3230004AEDA /* Demo_MVVM_GIPHYUITestsLaunchTests.swift */; };
		C8DC106F2B45ED1A0004AEDA /* HomeCollectionViewCell.swift in Sources */ = {isa = PBXBuildFile; fileRef = C8DC106E2B45ED1A0004AEDA /* HomeCollectionViewCell.swift */; };
		C8DC10712B4617120004AEDA /* GIPModel.swift in Sources */ = {isa = PBXBuildFile; fileRef = C8DC10702B4617120004AEDA /* GIPModel.swift */; };
		C8DC10732B461DBE0004AEDA /* GIPClient.swift in Sources */ = {isa = PBXBuildFile; fileRef = C8DC10722B461DBE0004AEDA /* GIPClient.swift */; };
		C8DC107A2B462BFC0004AEDA /* GIPViewModel.swift in Sources */ = {isa = PBXBuildFile; fileRef = C8DC10792B462BFC0004AEDA /* GIPViewModel.swift */; };
/* End PBXBuildFile section */

/* Begin PBXContainerItemProxy section */
		C8DC10522B45E3230004AEDA /* PBXContainerItemProxy */ = {
			isa = PBXContainerItemProxy;
			containerPortal = C8DC10332B45E3220004AEDA /* Project object */;
			proxyType = 1;
			remoteGlobalIDString = C8DC103A2B45E3220004AEDA;
			remoteInfo = Demo_MVVM_GIPHY;
		};
		C8DC105C2B45E3230004AEDA /* PBXContainerItemProxy */ = {
			isa = PBXContainerItemProxy;
			containerPortal = C8DC10332B45E3220004AEDA /* Project object */;
			proxyType = 1;
			remoteGlobalIDString = C8DC103A2B45E3220004AEDA;
			remoteInfo = Demo_MVVM_GIPHY;
		};
/* End PBXContainerItemProxy section */

/* Begin PBXFileReference section */
		0E3A492408802DED91745DFE /* Pods_Demo_MVVM_GIPHYTests.framework */ = {isa = PBXFileReference; explicitFileType = wrapper.framework; includeInIndex = 0; path = Pods_Demo_MVVM_GIPHYTests.framework; sourceTree = BUILT_PRODUCTS_DIR; };
		1002FEE0C1CD3534BCAB23C4 /* Pods-Demo_MVVM_GIPHY.debug.xcconfig */ = {isa = PBXFileReference; includeInIndex = 1; lastKnownFileType = text.xcconfig; name = "Pods-Demo_MVVM_GIPHY.debug.xcconfig"; path = "Target Support Files/Pods-Demo_MVVM_GIPHY/Pods-Demo_MVVM_GIPHY.debug.xcconfig"; sourceTree = "<group>"; };
		4712AA6BBDC7F25FA95E2B12 /* Pods_Demo_MVVM_GIPHY_Demo_MVVM_GIPHYUITests.framework */ = {isa = PBXFileReference; explicitFileType = wrapper.framework; includeInIndex = 0; path = Pods_Demo_MVVM_GIPHY_Demo_MVVM_GIPHYUITests.framework; sourceTree = BUILT_PRODUCTS_DIR; };
		63584A0F348A90A07CCD0F3E /* Pods-Demo_MVVM_GIPHY-Demo_MVVM_GIPHYUITests.debug.xcconfig */ = {isa = PBXFileReference; includeInIndex = 1; lastKnownFileType = text.xcconfig; name = "Pods-Demo_MVVM_GIPHY-Demo_MVVM_GIPHYUITests.debug.xcconfig"; path = "Target Support Files/Pods-Demo_MVVM_GIPHY-Demo_MVVM_GIPHYUITests/Pods-Demo_MVVM_GIPHY-Demo_MVVM_GIPHYUITests.debug.xcconfig"; sourceTree = "<group>"; };
		70DD7407331873CC2F41A124 /* Pods-Demo_MVVM_GIPHYTests.debug.xcconfig */ = {isa = PBXFileReference; includeInIndex = 1; lastKnownFileType = text.xcconfig; name = "Pods-Demo_MVVM_GIPHYTests.debug.xcconfig"; path = "Target Support Files/Pods-Demo_MVVM_GIPHYTests/Pods-Demo_MVVM_GIPHYTests.debug.xcconfig"; sourceTree = "<group>"; };
		87682AC8B33ED7233091D08A /* Pods_Demo_MVVM_GIPHY.framework */ = {isa = PBXFileReference; explicitFileType = wrapper.framework; includeInIndex = 0; path = Pods_Demo_MVVM_GIPHY.framework; sourceTree = BUILT_PRODUCTS_DIR; };
		C4E83E8F41A0E4BEA526E9C9 /* Pods-Demo_MVVM_GIPHY.release.xcconfig */ = {isa = PBXFileReference; includeInIndex = 1; lastKnownFileType = text.xcconfig; name = "Pods-Demo_MVVM_GIPHY.release.xcconfig"; path = "Target Support Files/Pods-Demo_MVVM_GIPHY/Pods-Demo_MVVM_GIPHY.release.xcconfig"; sourceTree = "<group>"; };
		C6E49293AC8F03B7A1C138FA /* Pods-Demo_MVVM_GIPHYTests.release.xcconfig */ = {isa = PBXFileReference; includeInIndex = 1; lastKnownFileType = text.xcconfig; name = "Pods-Demo_MVVM_GIPHYTests.release.xcconfig"; path = "Target Support Files/Pods-Demo_MVVM_GIPHYTests/Pods-Demo_MVVM_GIPHYTests.release.xcconfig"; sourceTree = "<group>"; };
		C8DC103B2B45E3220004AEDA /* Demo_MVVM_GIPHY.app */ = {isa = PBXFileReference; explicitFileType = wrapper.application; includeInIndex = 0; path = Demo_MVVM_GIPHY.app; sourceTree = BUILT_PRODUCTS_DIR; };
		C8DC103E2B45E3220004AEDA /* AppDelegate.swift */ = {isa = PBXFileReference; lastKnownFileType = sourcecode.swift; path = AppDelegate.swift; sourceTree = "<group>"; };
		C8DC10402B45E3220004AEDA /* SceneDelegate.swift */ = {isa = PBXFileReference; lastKnownFileType = sourcecode.swift; path = SceneDelegate.swift; sourceTree = "<group>"; };
		C8DC10422B45E3220004AEDA /* ViewController.swift */ = {isa = PBXFileReference; lastKnownFileType = sourcecode.swift; path = ViewController.swift; sourceTree = "<group>"; };
		C8DC10452B45E3220004AEDA /* Base */ = {isa = PBXFileReference; lastKnownFileType = file.storyboard; name = Base; path = Base.lproj/Main.storyboard; sourceTree = "<group>"; };
		C8DC10472B45E3230004AEDA /* Assets.xcassets */ = {isa = PBXFileReference; lastKnownFileType = folder.assetcatalog; path = Assets.xcassets; sourceTree = "<group>"; };
		C8DC104A2B45E3230004AEDA /* Base */ = {isa = PBXFileReference; lastKnownFileType = file.storyboard; name = Base; path = Base.lproj/LaunchScreen.storyboard; sourceTree = "<group>"; };
		C8DC104C2B45E3230004AEDA /* Info.plist */ = {isa = PBXFileReference; lastKnownFileType = text.plist.xml; path = Info.plist; sourceTree = "<group>"; };
		C8DC10512B45E3230004AEDA /* Demo_MVVM_GIPHYTests.xctest */ = {isa = PBXFileReference; explicitFileType = wrapper.cfbundle; includeInIndex = 0; path = Demo_MVVM_GIPHYTests.xctest; sourceTree = BUILT_PRODUCTS_DIR; };
		C8DC10552B45E3230004AEDA /* Demo_MVVM_GIPHYTests.swift */ = {isa = PBXFileReference; lastKnownFileType = sourcecode.swift; path = Demo_MVVM_GIPHYTests.swift; sourceTree = "<group>"; };
		C8DC105B2B45E3230004AEDA /* Demo_MVVM_GIPHYUITests.xctest */ = {isa = PBXFileReference; explicitFileType = wrapper.cfbundle; includeInIndex = 0; path = Demo_MVVM_GIPHYUITests.xctest; sourceTree = BUILT_PRODUCTS_DIR; };
		C8DC105F2B45E3230004AEDA /* Demo_MVVM_GIPHYUITests.swift */ = {isa = PBXFileReference; lastKnownFileType = sourcecode.swift; path = Demo_MVVM_GIPHYUITests.swift; sourceTree = "<group>"; };
		C8DC10612B45E3230004AEDA /* Demo_MVVM_GIPHYUITestsLaunchTests.swift */ = {isa = PBXFileReference; lastKnownFileType = sourcecode.swift; path = Demo_MVVM_GIPHYUITestsLaunchTests.swift; sourceTree = "<group>"; };
		C8DC106E2B45ED1A0004AEDA /* HomeCollectionViewCell.swift */ = {isa = PBXFileReference; lastKnownFileType = sourcecode.swift; path = HomeCollectionViewCell.swift; sourceTree = "<group>"; };
		C8DC10702B4617120004AEDA /* GIPModel.swift */ = {isa = PBXFileReference; lastKnownFileType = sourcecode.swift; path = GIPModel.swift; sourceTree = "<group>"; };
		C8DC10722B461DBE0004AEDA /* GIPClient.swift */ = {isa = PBXFileReference; lastKnownFileType = sourcecode.swift; path = GIPClient.swift; sourceTree = "<group>"; };
		C8DC10792B462BFC0004AEDA /* GIPViewModel.swift */ = {isa = PBXFileReference; lastKnownFileType = sourcecode.swift; path = GIPViewModel.swift; sourceTree = "<group>"; };
		E1EAE50745135EE819A79FFB /* Pods-Demo_MVVM_GIPHY-Demo_MVVM_GIPHYUITests.release.xcconfig */ = {isa = PBXFileReference; includeInIndex = 1; lastKnownFileType = text.xcconfig; name = "Pods-Demo_MVVM_GIPHY-Demo_MVVM_GIPHYUITests.release.xcconfig"; path = "Target Support Files/Pods-Demo_MVVM_GIPHY-Demo_MVVM_GIPHYUITests/Pods-Demo_MVVM_GIPHY-Demo_MVVM_GIPHYUITests.release.xcconfig"; sourceTree = "<group>"; };
/* End PBXFileReference section */

/* Begin PBXFrameworksBuildPhase section */
		C8DC10382B45E3220004AEDA /* Frameworks */ = {
			isa = PBXFrameworksBuildPhase;
			buildActionMask = 2147483647;
			files = (
				A92E8CCB865C73BA118EE526 /* Pods_Demo_MVVM_GIPHY.framework in Frameworks */,
			);
			runOnlyForDeploymentPostprocessing = 0;
		};
		C8DC104E2B45E3230004AEDA /* Frameworks */ = {
			isa = PBXFrameworksBuildPhase;
			buildActionMask = 2147483647;
			files = (
				292D47C2A4D2B2F84B872533 /* Pods_Demo_MVVM_GIPHYTests.framework in Frameworks */,
			);
			runOnlyForDeploymentPostprocessing = 0;
		};
		C8DC10582B45E3230004AEDA /* Frameworks */ = {
			isa = PBXFrameworksBuildPhase;
			buildActionMask = 2147483647;
			files = (
				24CC36FB6C7FEC8C22A3CBA6 /* Pods_Demo_MVVM_GIPHY_Demo_MVVM_GIPHYUITests.framework in Frameworks */,
			);
			runOnlyForDeploymentPostprocessing = 0;
		};
/* End PBXFrameworksBuildPhase section */

/* Begin PBXGroup section */
		2134D78C84C767FBAA1CF8F9 /* Pods */ = {
			isa = PBXGroup;
			children = (
				1002FEE0C1CD3534BCAB23C4 /* Pods-Demo_MVVM_GIPHY.debug.xcconfig */,
				C4E83E8F41A0E4BEA526E9C9 /* Pods-Demo_MVVM_GIPHY.release.xcconfig */,
				63584A0F348A90A07CCD0F3E /* Pods-Demo_MVVM_GIPHY-Demo_MVVM_GIPHYUITests.debug.xcconfig */,
				E1EAE50745135EE819A79FFB /* Pods-Demo_MVVM_GIPHY-Demo_MVVM_GIPHYUITests.release.xcconfig */,
				70DD7407331873CC2F41A124 /* Pods-Demo_MVVM_GIPHYTests.debug.xcconfig */,
				C6E49293AC8F03B7A1C138FA /* Pods-Demo_MVVM_GIPHYTests.release.xcconfig */,
			);
			path = Pods;
			sourceTree = "<group>";
		};
		504DA1A5FE3AB24002ACBF63 /* Frameworks */ = {
			isa = PBXGroup;
			children = (
				87682AC8B33ED7233091D08A /* Pods_Demo_MVVM_GIPHY.framework */,
				4712AA6BBDC7F25FA95E2B12 /* Pods_Demo_MVVM_GIPHY_Demo_MVVM_GIPHYUITests.framework */,
				0E3A492408802DED91745DFE /* Pods_Demo_MVVM_GIPHYTests.framework */,
			);
			name = Frameworks;
			sourceTree = "<group>";
		};
		C8DC10322B45E3220004AEDA = {
			isa = PBXGroup;
			children = (
				C8DC103D2B45E3220004AEDA /* Demo_MVVM_GIPHY */,
				C8DC10542B45E3230004AEDA /* Demo_MVVM_GIPHYTests */,
				C8DC105E2B45E3230004AEDA /* Demo_MVVM_GIPHYUITests */,
				C8DC103C2B45E3220004AEDA /* Products */,
				2134D78C84C767FBAA1CF8F9 /* Pods */,
				504DA1A5FE3AB24002ACBF63 /* Frameworks */,
			);
			sourceTree = "<group>";
		};
		C8DC103C2B45E3220004AEDA /* Products */ = {
			isa = PBXGroup;
			children = (
				C8DC103B2B45E3220004AEDA /* Demo_MVVM_GIPHY.app */,
				C8DC10512B45E3230004AEDA /* Demo_MVVM_GIPHYTests.xctest */,
				C8DC105B2B45E3230004AEDA /* Demo_MVVM_GIPHYUITests.xctest */,
			);
			name = Products;
			sourceTree = "<group>";
		};
		C8DC103D2B45E3220004AEDA /* Demo_MVVM_GIPHY */ = {
			isa = PBXGroup;
			children = (
				C8DC10782B461E3F0004AEDA /* Extension */,
				C8DC10772B461E2A0004AEDA /* Model */,
				C8DC10742B461DC80004AEDA /* Networking */,
				C8DC10422B45E3220004AEDA /* ViewController.swift */,
				C8DC106E2B45ED1A0004AEDA /* HomeCollectionViewCell.swift */,
				C8DC10752B461DDF0004AEDA /* Resources */,
				C8DC10762B461E0C0004AEDA /* Storyboard */,
				C8DC104C2B45E3230004AEDA /* Info.plist */,
			);
			path = Demo_MVVM_GIPHY;
			sourceTree = "<group>";
		};
		C8DC10542B45E3230004AEDA /* Demo_MVVM_GIPHYTests */ = {
			isa = PBXGroup;
			children = (
				C8DC10552B45E3230004AEDA /* Demo_MVVM_GIPHYTests.swift */,
			);
			path = Demo_MVVM_GIPHYTests;
			sourceTree = "<group>";
		};
		C8DC105E2B45E3230004AEDA /* Demo_MVVM_GIPHYUITests */ = {
			isa = PBXGroup;
			children = (
				C8DC105F2B45E3230004AEDA /* Demo_MVVM_GIPHYUITests.swift */,
				C8DC10612B45E3230004AEDA /* Demo_MVVM_GIPHYUITestsLaunchTests.swift */,
			);
			path = Demo_MVVM_GIPHYUITests;
			sourceTree = "<group>";
		};
		C8DC10742B461DC80004AEDA /* Networking */ = {
			isa = PBXGroup;
			children = (
				C8DC10722B461DBE0004AEDA /* GIPClient.swift */,
				C8DC10792B462BFC0004AEDA /* GIPViewModel.swift */,
			);
			path = Networking;
			sourceTree = "<group>";
		};
		C8DC10752B461DDF0004AEDA /* Resources */ = {
			isa = PBXGroup;
			children = (
				C8DC10402B45E3220004AEDA /* SceneDelegate.swift */,
				C8DC103E2B45E3220004AEDA /* AppDelegate.swift */,
				C8DC10472B45E3230004AEDA /* Assets.xcassets */,
			);
			path = Resources;
			sourceTree = "<group>";
		};
		C8DC10762B461E0C0004AEDA /* Storyboard */ = {
			isa = PBXGroup;
			children = (
				C8DC10492B45E3230004AEDA /* LaunchScreen.storyboard */,
				C8DC10442B45E3220004AEDA /* Main.storyboard */,
			);
			path = Storyboard;
			sourceTree = "<group>";
		};
		C8DC10772B461E2A0004AEDA /* Model */ = {
			isa = PBXGroup;
			children = (
				C8DC10702B4617120004AEDA /* GIPModel.swift */,
			);
			path = Model;
			sourceTree = "<group>";
		};
		C8DC10782B461E3F0004AEDA /* Extension */ = {
			isa = PBXGroup;
			children = (
			);
			path = Extension;
			sourceTree = "<group>";
		};
/* End PBXGroup section */

/* Begin PBXNativeTarget section */
		C8DC103A2B45E3220004AEDA /* Demo_MVVM_GIPHY */ = {
			isa = PBXNativeTarget;
			buildConfigurationList = C8DC10652B45E3230004AEDA /* Build configuration list for PBXNativeTarget "Demo_MVVM_GIPHY" */;
			buildPhases = (
				BC623E919C57A6CB4373625E /* [CP] Check Pods Manifest.lock */,
				C8DC10372B45E3220004AEDA /* Sources */,
				C8DC10382B45E3220004AEDA /* Frameworks */,
				C8DC10392B45E3220004AEDA /* Resources */,
				3F1F0083D8D58A867ADCC76F /* [CP] Embed Pods Frameworks */,
			);
			buildRules = (
			);
			dependencies = (
			);
			name = Demo_MVVM_GIPHY;
			productName = Demo_MVVM_GIPHY;
			productReference = C8DC103B2B45E3220004AEDA /* Demo_MVVM_GIPHY.app */;
			productType = "com.apple.product-type.application";
		};
		C8DC10502B45E3230004AEDA /* Demo_MVVM_GIPHYTests */ = {
			isa = PBXNativeTarget;
			buildConfigurationList = C8DC10682B45E3230004AEDA /* Build configuration list for PBXNativeTarget "Demo_MVVM_GIPHYTests" */;
			buildPhases = (
				B7EA0DFBDE3A59E1CEE0F230 /* [CP] Check Pods Manifest.lock */,
				C8DC104D2B45E3230004AEDA /* Sources */,
				C8DC104E2B45E3230004AEDA /* Frameworks */,
				C8DC104F2B45E3230004AEDA /* Resources */,
			);
			buildRules = (
			);
			dependencies = (
				C8DC10532B45E3230004AEDA /* PBXTargetDependency */,
			);
			name = Demo_MVVM_GIPHYTests;
			productName = Demo_MVVM_GIPHYTests;
			productReference = C8DC10512B45E3230004AEDA /* Demo_MVVM_GIPHYTests.xctest */;
			productType = "com.apple.product-type.bundle.unit-test";
		};
		C8DC105A2B45E3230004AEDA /* Demo_MVVM_GIPHYUITests */ = {
			isa = PBXNativeTarget;
			buildConfigurationList = C8DC106B2B45E3230004AEDA /* Build configuration list for PBXNativeTarget "Demo_MVVM_GIPHYUITests" */;
			buildPhases = (
				CE135C2ABBAFB9B45A4C3195 /* [CP] Check Pods Manifest.lock */,
				C8DC10572B45E3230004AEDA /* Sources */,
				C8DC10582B45E3230004AEDA /* Frameworks */,
				C8DC10592B45E3230004AEDA /* Resources */,
				FE502BA2803248AA6CB5F226 /* [CP] Embed Pods Frameworks */,
			);
			buildRules = (
			);
			dependencies = (
				C8DC105D2B45E3230004AEDA /* PBXTargetDependency */,
			);
			name = Demo_MVVM_GIPHYUITests;
			productName = Demo_MVVM_GIPHYUITests;
			productReference = C8DC105B2B45E3230004AEDA /* Demo_MVVM_GIPHYUITests.xctest */;
			productType = "com.apple.product-type.bundle.ui-testing";
		};
/* End PBXNativeTarget section */

/* Begin PBXProject section */
		C8DC10332B45E3220004AEDA /* Project object */ = {
			isa = PBXProject;
			attributes = {
				BuildIndependentTargetsInParallel = 1;
				LastSwiftUpdateCheck = 1430;
				LastUpgradeCheck = 1430;
				TargetAttributes = {
					C8DC103A2B45E3220004AEDA = {
						CreatedOnToolsVersion = 14.3;
					};
					C8DC10502B45E3230004AEDA = {
						CreatedOnToolsVersion = 14.3;
						TestTargetID = C8DC103A2B45E3220004AEDA;
					};
					C8DC105A2B45E3230004AEDA = {
						CreatedOnToolsVersion = 14.3;
						TestTargetID = C8DC103A2B45E3220004AEDA;
					};
				};
			};
			buildConfigurationList = C8DC10362B45E3220004AEDA /* Build configuration list for PBXProject "Demo_MVVM_GIPHY" */;
			compatibilityVersion = "Xcode 14.0";
			developmentRegion = en;
			hasScannedForEncodings = 0;
			knownRegions = (
				en,
				Base,
			);
			mainGroup = C8DC10322B45E3220004AEDA;
			productRefGroup = C8DC103C2B45E3220004AEDA /* Products */;
			projectDirPath = "";
			projectRoot = "";
			targets = (
				C8DC103A2B45E3220004AEDA /* Demo_MVVM_GIPHY */,
				C8DC10502B45E3230004AEDA /* Demo_MVVM_GIPHYTests */,
				C8DC105A2B45E3230004AEDA /* Demo_MVVM_GIPHYUITests */,
			);
		};
/* End PBXProject section */

/* Begin PBXResourcesBuildPhase section */
		C8DC10392B45E3220004AEDA /* Resources */ = {
			isa = PBXResourcesBuildPhase;
			buildActionMask = 2147483647;
			files = (
				C8DC104B2B45E3230004AEDA /* LaunchScreen.storyboard in Resources */,
				C8DC10482B45E3230004AEDA /* Assets.xcassets in Resources */,
				C8DC10462B45E3220004AEDA /* Main.storyboard in Resources */,
			);
			runOnlyForDeploymentPostprocessing = 0;
		};
		C8DC104F2B45E3230004AEDA /* Resources */ = {
			isa = PBXResourcesBuildPhase;
			buildActionMask = 2147483647;
			files = (
			);
			runOnlyForDeploymentPostprocessing = 0;
		};
		C8DC10592B45E3230004AEDA /* Resources */ = {
			isa = PBXResourcesBuildPhase;
			buildActionMask = 2147483647;
			files = (
			);
			runOnlyForDeploymentPostprocessing = 0;
		};
/* End PBXResourcesBuildPhase section */

/* Begin PBXShellScriptBuildPhase section */
		3F1F0083D8D58A867ADCC76F /* [CP] Embed Pods Frameworks */ = {
			isa = PBXShellScriptBuildPhase;
			buildActionMask = 2147483647;
			files = (
			);
			inputFileListPaths = (
				"${PODS_ROOT}/Target Support Files/Pods-Demo_MVVM_GIPHY/Pods-Demo_MVVM_GIPHY-frameworks-${CONFIGURATION}-input-files.xcfilelist",
			);
			name = "[CP] Embed Pods Frameworks";
			outputFileListPaths = (
				"${PODS_ROOT}/Target Support Files/Pods-Demo_MVVM_GIPHY/Pods-Demo_MVVM_GIPHY-frameworks-${CONFIGURATION}-output-files.xcfilelist",
			);
			runOnlyForDeploymentPostprocessing = 0;
			shellPath = /bin/sh;
			shellScript = "\"${PODS_ROOT}/Target Support Files/Pods-Demo_MVVM_GIPHY/Pods-Demo_MVVM_GIPHY-frameworks.sh\"\n";
			showEnvVarsInLog = 0;
		};
		B7EA0DFBDE3A59E1CEE0F230 /* [CP] Check Pods Manifest.lock */ = {
			isa = PBXShellScriptBuildPhase;
			buildActionMask = 2147483647;
			files = (
			);
			inputFileListPaths = (
			);
			inputPaths = (
				"${PODS_PODFILE_DIR_PATH}/Podfile.lock",
				"${PODS_ROOT}/Manifest.lock",
			);
			name = "[CP] Check Pods Manifest.lock";
			outputFileListPaths = (
			);
			outputPaths = (
				"$(DERIVED_FILE_DIR)/Pods-Demo_MVVM_GIPHYTests-checkManifestLockResult.txt",
			);
			runOnlyForDeploymentPostprocessing = 0;
			shellPath = /bin/sh;
			shellScript = "diff \"${PODS_PODFILE_DIR_PATH}/Podfile.lock\" \"${PODS_ROOT}/Manifest.lock\" > /dev/null\nif [ $? != 0 ] ; then\n    # print error to STDERR\n    echo \"error: The sandbox is not in sync with the Podfile.lock. Run 'pod install' or update your CocoaPods installation.\" >&2\n    exit 1\nfi\n# This output is used by Xcode 'outputs' to avoid re-running this script phase.\necho \"SUCCESS\" > \"${SCRIPT_OUTPUT_FILE_0}\"\n";
			showEnvVarsInLog = 0;
		};
		BC623E919C57A6CB4373625E /* [CP] Check Pods Manifest.lock */ = {
			isa = PBXShellScriptBuildPhase;
			buildActionMask = 2147483647;
			files = (
			);
			inputFileListPaths = (
			);
			inputPaths = (
				"${PODS_PODFILE_DIR_PATH}/Podfile.lock",
				"${PODS_ROOT}/Manifest.lock",
			);
			name = "[CP] Check Pods Manifest.lock";
			outputFileListPaths = (
			);
			outputPaths = (
				"$(DERIVED_FILE_DIR)/Pods-Demo_MVVM_GIPHY-checkManifestLockResult.txt",
			);
			runOnlyForDeploymentPostprocessing = 0;
			shellPath = /bin/sh;
			shellScript = "diff \"${PODS_PODFILE_DIR_PATH}/Podfile.lock\" \"${PODS_ROOT}/Manifest.lock\" > /dev/null\nif [ $? != 0 ] ; then\n    # print error to STDERR\n    echo \"error: The sandbox is not in sync with the Podfile.lock. Run 'pod install' or update your CocoaPods installation.\" >&2\n    exit 1\nfi\n# This output is used by Xcode 'outputs' to avoid re-running this script phase.\necho \"SUCCESS\" > \"${SCRIPT_OUTPUT_FILE_0}\"\n";
			showEnvVarsInLog = 0;
		};
		CE135C2ABBAFB9B45A4C3195 /* [CP] Check Pods Manifest.lock */ = {
			isa = PBXShellScriptBuildPhase;
			buildActionMask = 2147483647;
			files = (
			);
			inputFileListPaths = (
			);
			inputPaths = (
				"${PODS_PODFILE_DIR_PATH}/Podfile.lock",
				"${PODS_ROOT}/Manifest.lock",
			);
			name = "[CP] Check Pods Manifest.lock";
			outputFileListPaths = (
			);
			outputPaths = (
				"$(DERIVED_FILE_DIR)/Pods-Demo_MVVM_GIPHY-Demo_MVVM_GIPHYUITests-checkManifestLockResult.txt",
			);
			runOnlyForDeploymentPostprocessing = 0;
			shellPath = /bin/sh;
			shellScript = "diff \"${PODS_PODFILE_DIR_PATH}/Podfile.lock\" \"${PODS_ROOT}/Manifest.lock\" > /dev/null\nif [ $? != 0 ] ; then\n    # print error to STDERR\n    echo \"error: The sandbox is not in sync with the Podfile.lock. Run 'pod install' or update your CocoaPods installation.\" >&2\n    exit 1\nfi\n# This output is used by Xcode 'outputs' to avoid re-running this script phase.\necho \"SUCCESS\" > \"${SCRIPT_OUTPUT_FILE_0}\"\n";
			showEnvVarsInLog = 0;
		};
		FE502BA2803248AA6CB5F226 /* [CP] Embed Pods Frameworks */ = {
			isa = PBXShellScriptBuildPhase;
			buildActionMask = 2147483647;
			files = (
			);
			inputFileListPaths = (
				"${PODS_ROOT}/Target Support Files/Pods-Demo_MVVM_GIPHY-Demo_MVVM_GIPHYUITests/Pods-Demo_MVVM_GIPHY-Demo_MVVM_GIPHYUITests-frameworks-${CONFIGURATION}-input-files.xcfilelist",
			);
			name = "[CP] Embed Pods Frameworks";
			outputFileListPaths = (
				"${PODS_ROOT}/Target Support Files/Pods-Demo_MVVM_GIPHY-Demo_MVVM_GIPHYUITests/Pods-Demo_MVVM_GIPHY-Demo_MVVM_GIPHYUITests-frameworks-${CONFIGURATION}-output-files.xcfilelist",
			);
			runOnlyForDeploymentPostprocessing = 0;
			shellPath = /bin/sh;
			shellScript = "\"${PODS_ROOT}/Target Support Files/Pods-Demo_MVVM_GIPHY-Demo_MVVM_GIPHYUITests/Pods-Demo_MVVM_GIPHY-Demo_MVVM_GIPHYUITests-frameworks.sh\"\n";
			showEnvVarsInLog = 0;
		};
/* End PBXShellScriptBuildPhase section */

/* Begin PBXSourcesBuildPhase section */
		C8DC10372B45E3220004AEDA /* Sources */ = {
			isa = PBXSourcesBuildPhase;
			buildActionMask = 2147483647;
			files = (
				C8DC10432B45E3220004AEDA /* ViewController.swift in Sources */,
				C8DC103F2B45E3220004AEDA /* AppDelegate.swift in Sources */,
				C8DC107A2B462BFC0004AEDA /* GIPViewModel.swift in Sources */,
				C8DC10412B45E3220004AEDA /* SceneDelegate.swift in Sources */,
				C8DC10732B461DBE0004AEDA /* GIPClient.swift in Sources */,
				C8DC10712B4617120004AEDA /* GIPModel.swift in Sources */,
				C8DC106F2B45ED1A0004AEDA /* HomeCollectionViewCell.swift in Sources */,
			);
			runOnlyForDeploymentPostprocessing = 0;
		};
		C8DC104D2B45E3230004AEDA /* Sources */ = {
			isa = PBXSourcesBuildPhase;
			buildActionMask = 2147483647;
			files = (
				C8DC10562B45E3230004AEDA /* Demo_MVVM_GIPHYTests.swift in Sources */,
			);
			runOnlyForDeploymentPostprocessing = 0;
		};
		C8DC10572B45E3230004AEDA /* Sources */ = {
			isa = PBXSourcesBuildPhase;
			buildActionMask = 2147483647;
			files = (
				C8DC10602B45E3230004AEDA /* Demo_MVVM_GIPHYUITests.swift in Sources */,
				C8DC10622B45E3230004AEDA /* Demo_MVVM_GIPHYUITestsLaunchTests.swift in Sources */,
			);
			runOnlyForDeploymentPostprocessing = 0;
		};
/* End PBXSourcesBuildPhase section */

/* Begin PBXTargetDependency section */
		C8DC10532B45E3230004AEDA /* PBXTargetDependency */ = {
			isa = PBXTargetDependency;
			target = C8DC103A2B45E3220004AEDA /* Demo_MVVM_GIPHY */;
			targetProxy = C8DC10522B45E3230004AEDA /* PBXContainerItemProxy */;
		};
		C8DC105D2B45E3230004AEDA /* PBXTargetDependency */ = {
			isa = PBXTargetDependency;
			target = C8DC103A2B45E3220004AEDA /* Demo_MVVM_GIPHY */;
			targetProxy = C8DC105C2B45E3230004AEDA /* PBXContainerItemProxy */;
		};
/* End PBXTargetDependency section */

/* Begin PBXVariantGroup section */
		C8DC10442B45E3220004AEDA /* Main.storyboard */ = {
			isa = PBXVariantGroup;
			children = (
				C8DC10452B45E3220004AEDA /* Base */,
			);
			name = Main.storyboard;
			sourceTree = "<group>";
		};
		C8DC10492B45E3230004AEDA /* LaunchScreen.storyboard */ = {
			isa = PBXVariantGroup;
			children = (
				C8DC104A2B45E3230004AEDA /* Base */,
			);
			name = LaunchScreen.storyboard;
			sourceTree = "<group>";
		};
/* End PBXVariantGroup section */

/* Begin XCBuildConfiguration section */
		C8DC10632B45E3230004AEDA /* Debug */ = {
			isa = XCBuildConfiguration;
			buildSettings = {
				ALWAYS_SEARCH_USER_PATHS = NO;
				CLANG_ANALYZER_NONNULL = YES;
				CLANG_ANALYZER_NUMBER_OBJECT_CONVERSION = YES_AGGRESSIVE;
				CLANG_CXX_LANGUAGE_STANDARD = "gnu++20";
				CLANG_ENABLE_MODULES = YES;
				CLANG_ENABLE_OBJC_ARC = YES;
				CLANG_ENABLE_OBJC_WEAK = YES;
				CLANG_WARN_BLOCK_CAPTURE_AUTORELEASING = YES;
				CLANG_WARN_BOOL_CONVERSION = YES;
				CLANG_WARN_COMMA = YES;
				CLANG_WARN_CONSTANT_CONVERSION = YES;
				CLANG_WARN_DEPRECATED_OBJC_IMPLEMENTATIONS = YES;
				CLANG_WARN_DIRECT_OBJC_ISA_USAGE = YES_ERROR;
				CLANG_WARN_DOCUMENTATION_COMMENTS = YES;
				CLANG_WARN_EMPTY_BODY = YES;
				CLANG_WARN_ENUM_CONVERSION = YES;
				CLANG_WARN_INFINITE_RECURSION = YES;
				CLANG_WARN_INT_CONVERSION = YES;
				CLANG_WARN_NON_LITERAL_NULL_CONVERSION = YES;
				CLANG_WARN_OBJC_IMPLICIT_RETAIN_SELF = YES;
				CLANG_WARN_OBJC_LITERAL_CONVERSION = YES;
				CLANG_WARN_OBJC_ROOT_CLASS = YES_ERROR;
				CLANG_WARN_QUOTED_INCLUDE_IN_FRAMEWORK_HEADER = YES;
				CLANG_WARN_RANGE_LOOP_ANALYSIS = YES;
				CLANG_WARN_STRICT_PROTOTYPES = YES;
				CLANG_WARN_SUSPICIOUS_MOVE = YES;
				CLANG_WARN_UNGUARDED_AVAILABILITY = YES_AGGRESSIVE;
				CLANG_WARN_UNREACHABLE_CODE = YES;
				CLANG_WARN__DUPLICATE_METHOD_MATCH = YES;
				COPY_PHASE_STRIP = NO;
				DEBUG_INFORMATION_FORMAT = dwarf;
				ENABLE_STRICT_OBJC_MSGSEND = YES;
				ENABLE_TESTABILITY = YES;
				GCC_C_LANGUAGE_STANDARD = gnu11;
				GCC_DYNAMIC_NO_PIC = NO;
				GCC_NO_COMMON_BLOCKS = YES;
				GCC_OPTIMIZATION_LEVEL = 0;
				GCC_PREPROCESSOR_DEFINITIONS = (
					"DEBUG=1",
					"$(inherited)",
				);
				GCC_WARN_64_TO_32_BIT_CONVERSION = YES;
				GCC_WARN_ABOUT_RETURN_TYPE = YES_ERROR;
				GCC_WARN_UNDECLARED_SELECTOR = YES;
				GCC_WARN_UNINITIALIZED_AUTOS = YES_AGGRESSIVE;
				GCC_WARN_UNUSED_FUNCTION = YES;
				GCC_WARN_UNUSED_VARIABLE = YES;
				IPHONEOS_DEPLOYMENT_TARGET = 16.4;
				MTL_ENABLE_DEBUG_INFO = INCLUDE_SOURCE;
				MTL_FAST_MATH = YES;
				ONLY_ACTIVE_ARCH = YES;
				SDKROOT = iphoneos;
				SWIFT_ACTIVE_COMPILATION_CONDITIONS = DEBUG;
				SWIFT_OPTIMIZATION_LEVEL = "-Onone";
			};
			name = Debug;
		};
		C8DC10642B45E3230004AEDA /* Release */ = {
			isa = XCBuildConfiguration;
			buildSettings = {
				ALWAYS_SEARCH_USER_PATHS = NO;
				CLANG_ANALYZER_NONNULL = YES;
				CLANG_ANALYZER_NUMBER_OBJECT_CONVERSION = YES_AGGRESSIVE;
				CLANG_CXX_LANGUAGE_STANDARD = "gnu++20";
				CLANG_ENABLE_MODULES = YES;
				CLANG_ENABLE_OBJC_ARC = YES;
				CLANG_ENABLE_OBJC_WEAK = YES;
				CLANG_WARN_BLOCK_CAPTURE_AUTORELEASING = YES;
				CLANG_WARN_BOOL_CONVERSION = YES;
				CLANG_WARN_COMMA = YES;
				CLANG_WARN_CONSTANT_CONVERSION = YES;
				CLANG_WARN_DEPRECATED_OBJC_IMPLEMENTATIONS = YES;
				CLANG_WARN_DIRECT_OBJC_ISA_USAGE = YES_ERROR;
				CLANG_WARN_DOCUMENTATION_COMMENTS = YES;
				CLANG_WARN_EMPTY_BODY = YES;
				CLANG_WARN_ENUM_CONVERSION = YES;
				CLANG_WARN_INFINITE_RECURSION = YES;
				CLANG_WARN_INT_CONVERSION = YES;
				CLANG_WARN_NON_LITERAL_NULL_CONVERSION = YES;
				CLANG_WARN_OBJC_IMPLICIT_RETAIN_SELF = YES;
				CLANG_WARN_OBJC_LITERAL_CONVERSION = YES;
				CLANG_WARN_OBJC_ROOT_CLASS = YES_ERROR;
				CLANG_WARN_QUOTED_INCLUDE_IN_FRAMEWORK_HEADER = YES;
				CLANG_WARN_RANGE_LOOP_ANALYSIS = YES;
				CLANG_WARN_STRICT_PROTOTYPES = YES;
				CLANG_WARN_SUSPICIOUS_MOVE = YES;
				CLANG_WARN_UNGUARDED_AVAILABILITY = YES_AGGRESSIVE;
				CLANG_WARN_UNREACHABLE_CODE = YES;
				CLANG_WARN__DUPLICATE_METHOD_MATCH = YES;
				COPY_PHASE_STRIP = NO;
				DEBUG_INFORMATION_FORMAT = "dwarf-with-dsym";
				ENABLE_NS_ASSERTIONS = NO;
				ENABLE_STRICT_OBJC_MSGSEND = YES;
				GCC_C_LANGUAGE_STANDARD = gnu11;
				GCC_NO_COMMON_BLOCKS = YES;
				GCC_WARN_64_TO_32_BIT_CONVERSION = YES;
				GCC_WARN_ABOUT_RETURN_TYPE = YES_ERROR;
				GCC_WARN_UNDECLARED_SELECTOR = YES;
				GCC_WARN_UNINITIALIZED_AUTOS = YES_AGGRESSIVE;
				GCC_WARN_UNUSED_FUNCTION = YES;
				GCC_WARN_UNUSED_VARIABLE = YES;
				IPHONEOS_DEPLOYMENT_TARGET = 16.4;
				MTL_ENABLE_DEBUG_INFO = NO;
				MTL_FAST_MATH = YES;
				SDKROOT = iphoneos;
				SWIFT_COMPILATION_MODE = wholemodule;
				SWIFT_OPTIMIZATION_LEVEL = "-O";
				VALIDATE_PRODUCT = YES;
			};
			name = Release;
		};
		C8DC10662B45E3230004AEDA /* Debug */ = {
			isa = XCBuildConfiguration;
			baseConfigurationReference = 1002FEE0C1CD3534BCAB23C4 /* Pods-Demo_MVVM_GIPHY.debug.xcconfig */;
			buildSettings = {
				ASSETCATALOG_COMPILER_APPICON_NAME = AppIcon;
				ASSETCATALOG_COMPILER_GLOBAL_ACCENT_COLOR_NAME = AccentColor;
				CODE_SIGN_STYLE = Automatic;
				CURRENT_PROJECT_VERSION = 1;
				DEVELOPMENT_TEAM = 8MUTKC7BV7;
				GENERATE_INFOPLIST_FILE = YES;
				INFOPLIST_FILE = Demo_MVVM_GIPHY/Info.plist;
				INFOPLIST_KEY_UIApplicationSupportsIndirectInputEvents = YES;
				INFOPLIST_KEY_UILaunchStoryboardName = LaunchScreen;
				INFOPLIST_KEY_UIMainStoryboardFile = Main;
				INFOPLIST_KEY_UISupportedInterfaceOrientations_iPad = "UIInterfaceOrientationPortrait UIInterfaceOrientationPortraitUpsideDown UIInterfaceOrientationLandscapeLeft UIInterfaceOrientationLandscapeRight";
				INFOPLIST_KEY_UISupportedInterfaceOrientations_iPhone = "UIInterfaceOrientationPortrait UIInterfaceOrientationLandscapeLeft UIInterfaceOrientationLandscapeRight";
				LD_RUNPATH_SEARCH_PATHS = (
					"$(inherited)",
					"@executable_path/Frameworks",
				);
				MARKETING_VERSION = 1.0;
				PRODUCT_BUNDLE_IDENTIFIER = "cleopatra.Demo-MVVM-GIPHY";
				PRODUCT_NAME = "$(TARGET_NAME)";
				SWIFT_EMIT_LOC_STRINGS = YES;
				SWIFT_VERSION = 5.0;
				TARGETED_DEVICE_FAMILY = "1,2";
			};
			name = Debug;
		};
		C8DC10672B45E3230004AEDA /* Release */ = {
			isa = XCBuildConfiguration;
			baseConfigurationReference = C4E83E8F41A0E4BEA526E9C9 /* Pods-Demo_MVVM_GIPHY.release.xcconfig */;
			buildSettings = {
				ASSETCATALOG_COMPILER_APPICON_NAME = AppIcon;
				ASSETCATALOG_COMPILER_GLOBAL_ACCENT_COLOR_NAME = AccentColor;
				CODE_SIGN_STYLE = Automatic;
				CURRENT_PROJECT_VERSION = 1;
				DEVELOPMENT_TEAM = 8MUTKC7BV7;
				GENERATE_INFOPLIST_FILE = YES;
				INFOPLIST_FILE = Demo_MVVM_GIPHY/Info.plist;
				INFOPLIST_KEY_UIApplicationSupportsIndirectInputEvents = YES;
				INFOPLIST_KEY_UILaunchStoryboardName = LaunchScreen;
				INFOPLIST_KEY_UIMainStoryboardFile = Main;
				INFOPLIST_KEY_UISupportedInterfaceOrientations_iPad = "UIInterfaceOrientationPortrait UIInterfaceOrientationPortraitUpsideDown UIInterfaceOrientationLandscapeLeft UIInterfaceOrientationLandscapeRight";
				INFOPLIST_KEY_UISupportedInterfaceOrientations_iPhone = "UIInterfaceOrientationPortrait UIInterfaceOrientationLandscapeLeft UIInterfaceOrientationLandscapeRight";
				LD_RUNPATH_SEARCH_PATHS = (
					"$(inherited)",
					"@executable_path/Frameworks",
				);
				MARKETING_VERSION = 1.0;
				PRODUCT_BUNDLE_IDENTIFIER = "cleopatra.Demo-MVVM-GIPHY";
				PRODUCT_NAME = "$(TARGET_NAME)";
				SWIFT_EMIT_LOC_STRINGS = YES;
				SWIFT_VERSION = 5.0;
				TARGETED_DEVICE_FAMILY = "1,2";
			};
			name = Release;
		};
		C8DC10692B45E3230004AEDA /* Debug */ = {
			isa = XCBuildConfiguration;
			baseConfigurationReference = 70DD7407331873CC2F41A124 /* Pods-Demo_MVVM_GIPHYTests.debug.xcconfig */;
			buildSettings = {
				ALWAYS_EMBED_SWIFT_STANDARD_LIBRARIES = YES;
				BUNDLE_LOADER = "$(TEST_HOST)";
				CODE_SIGN_STYLE = Automatic;
				CURRENT_PROJECT_VERSION = 1;
				DEVELOPMENT_TEAM = 8MUTKC7BV7;
				GENERATE_INFOPLIST_FILE = YES;
				IPHONEOS_DEPLOYMENT_TARGET = 16.4;
				MARKETING_VERSION = 1.0;
				PRODUCT_BUNDLE_IDENTIFIER = "cleopatra.Demo-MVVM-GIPHYTests";
				PRODUCT_NAME = "$(TARGET_NAME)";
				SWIFT_EMIT_LOC_STRINGS = NO;
				SWIFT_VERSION = 5.0;
				TARGETED_DEVICE_FAMILY = "1,2";
				TEST_HOST = "$(BUILT_PRODUCTS_DIR)/Demo_MVVM_GIPHY.app/$(BUNDLE_EXECUTABLE_FOLDER_PATH)/Demo_MVVM_GIPHY";
			};
			name = Debug;
		};
		C8DC106A2B45E3230004AEDA /* Release */ = {
			isa = XCBuildConfiguration;
			baseConfigurationReference = C6E49293AC8F03B7A1C138FA /* Pods-Demo_MVVM_GIPHYTests.release.xcconfig */;
			buildSettings = {
				ALWAYS_EMBED_SWIFT_STANDARD_LIBRARIES = YES;
				BUNDLE_LOADER = "$(TEST_HOST)";
				CODE_SIGN_STYLE = Automatic;
				CURRENT_PROJECT_VERSION = 1;
				DEVELOPMENT_TEAM = 8MUTKC7BV7;
				GENERATE_INFOPLIST_FILE = YES;
				IPHONEOS_DEPLOYMENT_TARGET = 16.4;
				MARKETING_VERSION = 1.0;
				PRODUCT_BUNDLE_IDENTIFIER = "cleopatra.Demo-MVVM-GIPHYTests";
				PRODUCT_NAME = "$(TARGET_NAME)";
				SWIFT_EMIT_LOC_STRINGS = NO;
				SWIFT_VERSION = 5.0;
				TARGETED_DEVICE_FAMILY = "1,2";
				TEST_HOST = "$(BUILT_PRODUCTS_DIR)/Demo_MVVM_GIPHY.app/$(BUNDLE_EXECUTABLE_FOLDER_PATH)/Demo_MVVM_GIPHY";
			};
			name = Release;
		};
		C8DC106C2B45E3230004AEDA /* Debug */ = {
			isa = XCBuildConfiguration;
			baseConfigurationReference = 63584A0F348A90A07CCD0F3E /* Pods-Demo_MVVM_GIPHY-Demo_MVVM_GIPHYUITests.debug.xcconfig */;
			buildSettings = {
				ALWAYS_EMBED_SWIFT_STANDARD_LIBRARIES = YES;
				CODE_SIGN_STYLE = Automatic;
				CURRENT_PROJECT_VERSION = 1;
				DEVELOPMENT_TEAM = 8MUTKC7BV7;
				GENERATE_INFOPLIST_FILE = YES;
				MARKETING_VERSION = 1.0;
				PRODUCT_BUNDLE_IDENTIFIER = "cleopatra.Demo-MVVM-GIPHYUITests";
				PRODUCT_NAME = "$(TARGET_NAME)";
				SWIFT_EMIT_LOC_STRINGS = NO;
				SWIFT_VERSION = 5.0;
				TARGETED_DEVICE_FAMILY = "1,2";
				TEST_TARGET_NAME = Demo_MVVM_GIPHY;
			};
			name = Debug;
		};
		C8DC106D2B45E3230004AEDA /* Release */ = {
			isa = XCBuildConfiguration;
			baseConfigurationReference = E1EAE50745135EE819A79FFB /* Pods-Demo_MVVM_GIPHY-Demo_MVVM_GIPHYUITests.release.xcconfig */;
			buildSettings = {
				ALWAYS_EMBED_SWIFT_STANDARD_LIBRARIES = YES;
				CODE_SIGN_STYLE = Automatic;
				CURRENT_PROJECT_VERSION = 1;
				DEVELOPMENT_TEAM = 8MUTKC7BV7;
				GENERATE_INFOPLIST_FILE = YES;
				MARKETING_VERSION = 1.0;
				PRODUCT_BUNDLE_IDENTIFIER = "cleopatra.Demo-MVVM-GIPHYUITests";
				PRODUCT_NAME = "$(TARGET_NAME)";
				SWIFT_EMIT_LOC_STRINGS = NO;
				SWIFT_VERSION = 5.0;
				TARGETED_DEVICE_FAMILY = "1,2";
				TEST_TARGET_NAME = Demo_MVVM_GIPHY;
			};
			name = Release;
		};
/* End XCBuildConfiguration section */

/* Begin XCConfigurationList section */
		C8DC10362B45E3220004AEDA /* Build configuration list for PBXProject "Demo_MVVM_GIPHY" */ = {
			isa = XCConfigurationList;
			buildConfigurations = (
				C8DC10632B45E3230004AEDA /* Debug */,
				C8DC10642B45E3230004AEDA /* Release */,
			);
			defaultConfigurationIsVisible = 0;
			defaultConfigurationName = Release;
		};
		C8DC10652B45E3230004AEDA /* Build configuration list for PBXNativeTarget "Demo_MVVM_GIPHY" */ = {
			isa = XCConfigurationList;
			buildConfigurations = (
				C8DC10662B45E3230004AEDA /* Debug */,
				C8DC10672B45E3230004AEDA /* Release */,
			);
			defaultConfigurationIsVisible = 0;
			defaultConfigurationName = Release;
		};
		C8DC10682B45E3230004AEDA /* Build configuration list for PBXNativeTarget "Demo_MVVM_GIPHYTests" */ = {
			isa = XCConfigurationList;
			buildConfigurations = (
				C8DC10692B45E3230004AEDA /* Debug */,
				C8DC106A2B45E3230004AEDA /* Release */,
			);
			defaultConfigurationIsVisible = 0;
			defaultConfigurationName = Release;
		};
		C8DC106B2B45E3230004AEDA /* Build configuration list for PBXNativeTarget "Demo_MVVM_GIPHYUITests" */ = {
			isa = XCConfigurationList;
			buildConfigurations = (
				C8DC106C2B45E3230004AEDA /* Debug */,
				C8DC106D2B45E3230004AEDA /* Release */,
			);
			defaultConfigurationIsVisible = 0;
			defaultConfigurationName = Release;
		};
/* End XCConfigurationList section */
	};
	rootObject = C8DC10332B45E3220004AEDA /* Project object */;
}
